
Microsoft Visual Studio Solution File, Format Version 12.00
# Visual Studio 14
VisualStudioVersion = 14.0.23107.0
MinimumVisualStudioVersion = 10.0.40219.1
Project("{FAE04EC0-301F-11D3-BF4B-00C04F79EFBC}") = "ArkData.Server", "ArkData.Server\ArkData.Server.csproj", "{F0912299-BC7D-431F-A045-6B416E335294}"
EndProject
Project("{FAE04EC0-301F-11D3-BF4B-00C04F79EFBC}") = "ArkData", "ArkData\ArkData.csproj", "{D2EE1483-021F-4900-BBE8-88338D1386F4}"
EndProject
Global
	GlobalSection(SolutionConfigurationPlatforms) = preSolution
		Debug|Any CPU = Debug|Any CPU
		Release|Any CPU = Release|Any CPU
	EndGlobalSection
	GlobalSection(ProjectConfigurationPlatforms) = postSolution
		{F0912299-BC7D-431F-A045-6B416E335294}.Debug|Any CPU.ActiveCfg = Debug|Any CPU
		{F0912299-BC7D-431F-A045-6B416E335294}.Debug|Any CPU.Build.0 = Debug|Any CPU
		{F0912299-BC7D-431F-A045-6B416E335294}.Release|Any CPU.ActiveCfg = Release|Any CPU
		{F0912299-BC7D-431F-A045-6B416E335294}.Release|Any CPU.Build.0 = Release|Any CPU
		{D2EE1483-021F-4900-BBE8-88338D1386F4}.Debug|Any CPU.ActiveCfg = Debug|Any CPU
		{D2EE1483-021F-4900-BBE8-88338D1386F4}.Debug|Any CPU.Build.0 = Debug|Any CPU
		{D2EE1483-021F-4900-BBE8-88338D1386F4}.Release|Any CPU.ActiveCfg = Release|Any CPU
		{D2EE1483-021F-4900-BBE8-88338D1386F4}.Release|Any CPU.Build.0 = Release|Any CPU
	EndGlobalSection
	GlobalSection(SolutionProperties) = preSolution
		HideSolutionNode = FALSE
	EndGlobalSection
EndGlobal
